
Microsoft Visual Studio Solution File, Format Version 12.00
# Visual Studio Version 16
VisualStudioVersion = 16.0.29926.136
MinimumVisualStudioVersion = 10.0.40219.1
Project("{FAE04EC0-301F-11D3-BF4B-00C04F79EFBC}") = "NumberGuesser", "NumberGuesser\NumberGuesser.csproj", "{7B027E58-2E0B-40C5-84F6-73F9DA7A9E0F}"
EndProject
Global
	GlobalSection(SolutionConfigurationPlatforms) = preSolution
		Debug|Any CPU = Debug|Any CPU
		Release|Any CPU = Release|Any CPU
	EndGlobalSection
	GlobalSection(ProjectConfigurationPlatforms) = postSolution
		{7B027E58-2E0B-40C5-84F6-73F9DA7A9E0F}.Debug|Any CPU.ActiveCfg = Debug|Any CPU
		{7B027E58-2E0B-40C5-84F6-73F9DA7A9E0F}.Debug|Any CPU.Build.0 = Debug|Any CPU
		{7B027E58-2E0B-40C5-84F6-73F9DA7A9E0F}.Release|Any CPU.ActiveCfg = Release|Any CPU
		{7B027E58-2E0B-40C5-84F6-73F9DA7A9E0F}.Release|Any CPU.Build.0 = Release|Any CPU
	EndGlobalSection
	GlobalSection(SolutionProperties) = preSolution
		HideSolutionNode = FALSE
	EndGlobalSection
	GlobalSection(ExtensibilityGlobals) = postSolution
		SolutionGuid = {2E8016A3-E439-40FB-8009-462417FAE585}
	EndGlobalSection
EndGlobal
